
Microsoft Visual Studio Solution File, Format Version 12.00
# Visual Studio 15
VisualStudioVersion = 15.0.27428.2011
MinimumVisualStudioVersion = 10.0.40219.1
Project("{FAE04EC0-301F-11D3-BF4B-00C04F79EFBC}") = "BannerWorm", "BannerWorm\BannerWorm.csproj", "{4EE009AA-43EB-4F13-BBCD-6A4E51664926}"
EndProject
Global
	GlobalSection(SolutionConfigurationPlatforms) = preSolution
		Debug|Any CPU = Debug|Any CPU
		Release|Any CPU = Release|Any CPU
	EndGlobalSection
	GlobalSection(ProjectConfigurationPlatforms) = postSolution
		{4EE009AA-43EB-4F13-BBCD-6A4E51664926}.Debug|Any CPU.ActiveCfg = Debug|Any CPU
		{4EE009AA-43EB-4F13-BBCD-6A4E51664926}.Debug|Any CPU.Build.0 = Debug|Any CPU
		{4EE009AA-43EB-4F13-BBCD-6A4E51664926}.Release|Any CPU.ActiveCfg = Release|Any CPU
		{4EE009AA-43EB-4F13-BBCD-6A4E51664926}.Release|Any CPU.Build.0 = Release|Any CPU
	EndGlobalSection
	GlobalSection(SolutionProperties) = preSolution
		HideSolutionNode = FALSE
	EndGlobalSection
	GlobalSection(ExtensibilityGlobals) = postSolution
		SolutionGuid = {D3E759C5-C342-4C44-831F-9C2920848195}
	EndGlobalSection
EndGlobal
