
Microsoft Visual Studio Solution File, Format Version 12.00
# Visual Studio 15
VisualStudioVersion = 15.0.27428.2015
MinimumVisualStudioVersion = 10.0.40219.1
Project("{FAE04EC0-301F-11D3-BF4B-00C04F79EFBC}") = "MedicalWorm", "MedicalWorm\MedicalWorm.csproj", "{CF780973-F82A-4284-A878-2DB0366A50D0}"
EndProject
Project("{FAE04EC0-301F-11D3-BF4B-00C04F79EFBC}") = "MedicalWorm.Core", "MedicalWorm.Core\MedicalWorm.Core.csproj", "{AED9AD51-8DB6-45BF-99E1-83A4F51810A5}"
EndProject
Global
	GlobalSection(SolutionConfigurationPlatforms) = preSolution
		Debug|Any CPU = Debug|Any CPU
		Release|Any CPU = Release|Any CPU
	EndGlobalSection
	GlobalSection(ProjectConfigurationPlatforms) = postSolution
		{CF780973-F82A-4284-A878-2DB0366A50D0}.Debug|Any CPU.ActiveCfg = Debug|Any CPU
		{CF780973-F82A-4284-A878-2DB0366A50D0}.Debug|Any CPU.Build.0 = Debug|Any CPU
		{CF780973-F82A-4284-A878-2DB0366A50D0}.Release|Any CPU.ActiveCfg = Release|Any CPU
		{CF780973-F82A-4284-A878-2DB0366A50D0}.Release|Any CPU.Build.0 = Release|Any CPU
		{AED9AD51-8DB6-45BF-99E1-83A4F51810A5}.Debug|Any CPU.ActiveCfg = Debug|Any CPU
		{AED9AD51-8DB6-45BF-99E1-83A4F51810A5}.Debug|Any CPU.Build.0 = Debug|Any CPU
		{AED9AD51-8DB6-45BF-99E1-83A4F51810A5}.Release|Any CPU.ActiveCfg = Release|Any CPU
		{AED9AD51-8DB6-45BF-99E1-83A4F51810A5}.Release|Any CPU.Build.0 = Release|Any CPU
	EndGlobalSection
	GlobalSection(SolutionProperties) = preSolution
		HideSolutionNode = FALSE
	EndGlobalSection
	GlobalSection(ExtensibilityGlobals) = postSolution
		SolutionGuid = {D1CF8A93-6773-4D1C-881D-9317F42505ED}
	EndGlobalSection
EndGlobal
